
Microsoft Visual Studio Solution File, Format Version 12.00
# Visual Studio 15
VisualStudioVersion = 15.0.26730.16
MinimumVisualStudioVersion = 10.0.40219.1
Project("{FAE04EC0-301F-11D3-BF4B-00C04F79EFBC}") = "MongoTestApp", "MongoExample\MongoTestApp.csproj", "{09812798-A34E-41F8-A6F1-2985BB4BA81B}"
EndProject
Global
	GlobalSection(SolutionConfigurationPlatforms) = preSolution
		Debug|Any CPU = Debug|Any CPU
		Release|Any CPU = Release|Any CPU
	EndGlobalSection
	GlobalSection(ProjectConfigurationPlatforms) = postSolution
		{09812798-A34E-41F8-A6F1-2985BB4BA81B}.Debug|Any CPU.ActiveCfg = Debug|Any CPU
		{09812798-A34E-41F8-A6F1-2985BB4BA81B}.Debug|Any CPU.Build.0 = Debug|Any CPU
		{09812798-A34E-41F8-A6F1-2985BB4BA81B}.Release|Any CPU.ActiveCfg = Release|Any CPU
		{09812798-A34E-41F8-A6F1-2985BB4BA81B}.Release|Any CPU.Build.0 = Release|Any CPU
	EndGlobalSection
	GlobalSection(SolutionProperties) = preSolution
		HideSolutionNode = FALSE
	EndGlobalSection
	GlobalSection(ExtensibilityGlobals) = postSolution
		SolutionGuid = {F184969C-8E25-45AB-99DD-15285ECB6DE0}
	EndGlobalSection
EndGlobal
